
Microsoft Visual Studio Solution File, Format Version 12.00
# Visual Studio Version 17
VisualStudioVersion = 17.14.36408.4
MinimumVisualStudioVersion = 10.0.40219.1
Project("{FAE04EC0-301F-11D3-BF4B-00C04F79EFBC}") = "FluentHttp", "src\FluentHttp\FluentHttp.csproj", "{D4E7E7FD-AD4F-2F87-F890-0D5BFD5DAF14}"
EndProject
Project("{2150E333-8FDC-42A3-9474-1A3956D46DE8}") = "src", "src", "{02EA681E-C7D8-13C7-8484-4AC65E1B71E8}"
EndProject
Project("{FAE04EC0-301F-11D3-BF4B-00C04F79EFBC}") = "FluentHttp.Server", "sample\FluentHttp.Server\FluentHttp.Server.csproj", "{8EDC5715-46F1-0BDF-B23D-EF9678432EFA}"
EndProject
Project("{2150E333-8FDC-42A3-9474-1A3956D46DE8}") = "sample", "sample", "{85584BF7-7D49-4371-A3B2-AFA94E62A27D}"
EndProject
Project("{2150E333-8FDC-42A3-9474-1A3956D46DE8}") = "Solution Items", "Solution Items", "{8EC462FD-D22E-90A8-E5CE-7E832BA40C5D}"
	ProjectSection(SolutionItems) = preProject
		README.md = README.md
	EndProjectSection
EndProject
Global
	GlobalSection(SolutionConfigurationPlatforms) = preSolution
		Debug|Any CPU = Debug|Any CPU
		Release|Any CPU = Release|Any CPU
	EndGlobalSection
	GlobalSection(ProjectConfigurationPlatforms) = postSolution
		{D4E7E7FD-AD4F-2F87-F890-0D5BFD5DAF14}.Debug|Any CPU.ActiveCfg = Debug|Any CPU
		{D4E7E7FD-AD4F-2F87-F890-0D5BFD5DAF14}.Debug|Any CPU.Build.0 = Debug|Any CPU
		{D4E7E7FD-AD4F-2F87-F890-0D5BFD5DAF14}.Release|Any CPU.ActiveCfg = Release|Any CPU
		{D4E7E7FD-AD4F-2F87-F890-0D5BFD5DAF14}.Release|Any CPU.Build.0 = Release|Any CPU
		{8EDC5715-46F1-0BDF-B23D-EF9678432EFA}.Debug|Any CPU.ActiveCfg = Debug|Any CPU
		{8EDC5715-46F1-0BDF-B23D-EF9678432EFA}.Debug|Any CPU.Build.0 = Debug|Any CPU
		{8EDC5715-46F1-0BDF-B23D-EF9678432EFA}.Release|Any CPU.ActiveCfg = Release|Any CPU
		{8EDC5715-46F1-0BDF-B23D-EF9678432EFA}.Release|Any CPU.Build.0 = Release|Any CPU
	EndGlobalSection
	GlobalSection(SolutionProperties) = preSolution
		HideSolutionNode = FALSE
	EndGlobalSection
	GlobalSection(NestedProjects) = preSolution
		{D4E7E7FD-AD4F-2F87-F890-0D5BFD5DAF14} = {02EA681E-C7D8-13C7-8484-4AC65E1B71E8}
		{8EDC5715-46F1-0BDF-B23D-EF9678432EFA} = {85584BF7-7D49-4371-A3B2-AFA94E62A27D}
	EndGlobalSection
	GlobalSection(ExtensibilityGlobals) = postSolution
		SolutionGuid = {203A7986-7C27-45A9-86EC-6B28A9CCB655}
	EndGlobalSection
EndGlobal
